
Microsoft Visual Studio Solution File, Format Version 12.00
# Visual Studio Version 16
VisualStudioVersion = 16.0.29509.3
MinimumVisualStudioVersion = 10.0.40219.1
Project("{9A19103F-16F7-4668-BE54-9A1E7A4F7556}") = "UpdateBins", "UpdateBins\UpdateBins.csproj", "{45A93BC0-40AC-42E7-95AD-1AD25FC75F0B}"
EndProject
Global
	GlobalSection(SolutionConfigurationPlatforms) = preSolution
		Debug|Any CPU = Debug|Any CPU
		Release|Any CPU = Release|Any CPU
	EndGlobalSection
	GlobalSection(ProjectConfigurationPlatforms) = postSolution
		{45A93BC0-40AC-42E7-95AD-1AD25FC75F0B}.Debug|Any CPU.ActiveCfg = Debug|Any CPU
		{45A93BC0-40AC-42E7-95AD-1AD25FC75F0B}.Debug|Any CPU.Build.0 = Debug|Any CPU
		{45A93BC0-40AC-42E7-95AD-1AD25FC75F0B}.Release|Any CPU.ActiveCfg = Release|Any CPU
		{45A93BC0-40AC-42E7-95AD-1AD25FC75F0B}.Release|Any CPU.Build.0 = Release|Any CPU
	EndGlobalSection
	GlobalSection(SolutionProperties) = preSolution
		HideSolutionNode = FALSE
	EndGlobalSection
	GlobalSection(ExtensibilityGlobals) = postSolution
		SolutionGuid = {3FDCC8E3-8EEC-4EBC-9CCD-5A82E72B4D39}
	EndGlobalSection
EndGlobal
